
Microsoft Visual Studio Solution File, Format Version 12.00
# Visual Studio Version 16
VisualStudioVersion = 16.0.30002.166
MinimumVisualStudioVersion = 10.0.40219.1
Project("{9A19103F-16F7-4668-BE54-9A1E7A4F7556}") = "SlimECS", "Source\SlimECS\SlimECS.csproj", "{879E9BDD-7DC5-4D10-969A-46A75569DA6C}"
EndProject
Project("{2150E333-8FDC-42A3-9474-1A3956D46DE8}") = "Source", "Source", "{5F9A48EC-11F7-4157-90B1-6035160509EC}"
	ProjectSection(SolutionItems) = preProject
		LICENSE = LICENSE
		README.md = README.md
	EndProjectSection
EndProject
Project("{2150E333-8FDC-42A3-9474-1A3956D46DE8}") = "Example", "Example", "{8B2D9E78-DEFA-4A7F-B284-F38C4CF2A30A}"
EndProject
Project("{9A19103F-16F7-4668-BE54-9A1E7A4F7556}") = "Example1", "Example\Example1\Example1.csproj", "{8D0C6282-F17D-4AD3-86E3-B5936E4271D8}"
EndProject
Project("{2150E333-8FDC-42A3-9474-1A3956D46DE8}") = "Test", "Test", "{ACE966C6-8F81-4462-B035-3A8AF7604953}"
EndProject
Project("{9A19103F-16F7-4668-BE54-9A1E7A4F7556}") = "SlimECS.Test", "Test\SlimECS.Test\SlimECS.Test.csproj", "{0784202E-DAD7-46E4-A15F-3E2279659F68}"
EndProject
Project("{9A19103F-16F7-4668-BE54-9A1E7A4F7556}") = "Benchmark1", "Example\Benchmark1\Benchmark1.csproj", "{CB192DE0-52C9-4227-816D-61DB2DD2AC1C}"
EndProject
Project("{9A19103F-16F7-4668-BE54-9A1E7A4F7556}") = "Temp1", "Example\Temp1\Temp1.csproj", "{EA1D1D35-C18B-4979-AD57-C3958FAAE5B0}"
EndProject
Global
	GlobalSection(SolutionConfigurationPlatforms) = preSolution
		Debug|Any CPU = Debug|Any CPU
		Release|Any CPU = Release|Any CPU
	EndGlobalSection
	GlobalSection(ProjectConfigurationPlatforms) = postSolution
		{879E9BDD-7DC5-4D10-969A-46A75569DA6C}.Debug|Any CPU.ActiveCfg = Debug|Any CPU
		{879E9BDD-7DC5-4D10-969A-46A75569DA6C}.Debug|Any CPU.Build.0 = Debug|Any CPU
		{879E9BDD-7DC5-4D10-969A-46A75569DA6C}.Release|Any CPU.ActiveCfg = Release|Any CPU
		{879E9BDD-7DC5-4D10-969A-46A75569DA6C}.Release|Any CPU.Build.0 = Release|Any CPU
		{8D0C6282-F17D-4AD3-86E3-B5936E4271D8}.Debug|Any CPU.ActiveCfg = Debug|Any CPU
		{8D0C6282-F17D-4AD3-86E3-B5936E4271D8}.Debug|Any CPU.Build.0 = Debug|Any CPU
		{8D0C6282-F17D-4AD3-86E3-B5936E4271D8}.Release|Any CPU.ActiveCfg = Release|Any CPU
		{8D0C6282-F17D-4AD3-86E3-B5936E4271D8}.Release|Any CPU.Build.0 = Release|Any CPU
		{0784202E-DAD7-46E4-A15F-3E2279659F68}.Debug|Any CPU.ActiveCfg = Debug|Any CPU
		{0784202E-DAD7-46E4-A15F-3E2279659F68}.Debug|Any CPU.Build.0 = Debug|Any CPU
		{0784202E-DAD7-46E4-A15F-3E2279659F68}.Release|Any CPU.ActiveCfg = Release|Any CPU
		{0784202E-DAD7-46E4-A15F-3E2279659F68}.Release|Any CPU.Build.0 = Release|Any CPU
		{CB192DE0-52C9-4227-816D-61DB2DD2AC1C}.Debug|Any CPU.ActiveCfg = Debug|Any CPU
		{CB192DE0-52C9-4227-816D-61DB2DD2AC1C}.Debug|Any CPU.Build.0 = Debug|Any CPU
		{CB192DE0-52C9-4227-816D-61DB2DD2AC1C}.Release|Any CPU.ActiveCfg = Release|Any CPU
		{CB192DE0-52C9-4227-816D-61DB2DD2AC1C}.Release|Any CPU.Build.0 = Release|Any CPU
		{EA1D1D35-C18B-4979-AD57-C3958FAAE5B0}.Debug|Any CPU.ActiveCfg = Debug|Any CPU
		{EA1D1D35-C18B-4979-AD57-C3958FAAE5B0}.Debug|Any CPU.Build.0 = Debug|Any CPU
		{EA1D1D35-C18B-4979-AD57-C3958FAAE5B0}.Release|Any CPU.ActiveCfg = Release|Any CPU
		{EA1D1D35-C18B-4979-AD57-C3958FAAE5B0}.Release|Any CPU.Build.0 = Release|Any CPU
	EndGlobalSection
	GlobalSection(SolutionProperties) = preSolution
		HideSolutionNode = FALSE
	EndGlobalSection
	GlobalSection(NestedProjects) = preSolution
		{879E9BDD-7DC5-4D10-969A-46A75569DA6C} = {5F9A48EC-11F7-4157-90B1-6035160509EC}
		{8D0C6282-F17D-4AD3-86E3-B5936E4271D8} = {8B2D9E78-DEFA-4A7F-B284-F38C4CF2A30A}
		{0784202E-DAD7-46E4-A15F-3E2279659F68} = {ACE966C6-8F81-4462-B035-3A8AF7604953}
		{CB192DE0-52C9-4227-816D-61DB2DD2AC1C} = {8B2D9E78-DEFA-4A7F-B284-F38C4CF2A30A}
		{EA1D1D35-C18B-4979-AD57-C3958FAAE5B0} = {8B2D9E78-DEFA-4A7F-B284-F38C4CF2A30A}
	EndGlobalSection
	GlobalSection(ExtensibilityGlobals) = postSolution
		SolutionGuid = {CD18EB3B-7230-49B8-8B2A-7739BD108901}
	EndGlobalSection
EndGlobal
